
Microsoft Visual Studio Solution File, Format Version 12.00
# Visual Studio Version 16
VisualStudioVersion = 16.0.30204.135
MinimumVisualStudioVersion = 10.0.40219.1
Project("{8BC9CEB8-8B4A-11D0-8D11-00A0C91BC942}") = "Time1", "Practical7\Practical7.vcxproj", "{D789A0F6-E5F5-41C8-9D50-EF6AE19EB05D}"
EndProject
Project("{8BC9CEB8-8B4A-11D0-8D11-00A0C91BC942}") = "Time2", "Time2\Time2.vcxproj", "{0E504929-9951-411F-B042-B8ECA2AFB4CE}"
EndProject
Global
	GlobalSection(SolutionConfigurationPlatforms) = preSolution
		Debug|x64 = Debug|x64
		Debug|x86 = Debug|x86
		Release|x64 = Release|x64
		Release|x86 = Release|x86
	EndGlobalSection
	GlobalSection(ProjectConfigurationPlatforms) = postSolution
		{D789A0F6-E5F5-41C8-9D50-EF6AE19EB05D}.Debug|x64.ActiveCfg = Debug|x64
		{D789A0F6-E5F5-41C8-9D50-EF6AE19EB05D}.Debug|x64.Build.0 = Debug|x64
		{D789A0F6-E5F5-41C8-9D50-EF6AE19EB05D}.Debug|x86.ActiveCfg = Debug|Win32
		{D789A0F6-E5F5-41C8-9D50-EF6AE19EB05D}.Debug|x86.Build.0 = Debug|Win32
		{D789A0F6-E5F5-41C8-9D50-EF6AE19EB05D}.Release|x64.ActiveCfg = Release|x64
		{D789A0F6-E5F5-41C8-9D50-EF6AE19EB05D}.Release|x64.Build.0 = Release|x64
		{D789A0F6-E5F5-41C8-9D50-EF6AE19EB05D}.Release|x86.ActiveCfg = Release|Win32
		{D789A0F6-E5F5-41C8-9D50-EF6AE19EB05D}.Release|x86.Build.0 = Release|Win32
		{0E504929-9951-411F-B042-B8ECA2AFB4CE}.Debug|x64.ActiveCfg = Debug|x64
		{0E504929-9951-411F-B042-B8ECA2AFB4CE}.Debug|x64.Build.0 = Debug|x64
		{0E504929-9951-411F-B042-B8ECA2AFB4CE}.Debug|x86.ActiveCfg = Debug|Win32
		{0E504929-9951-411F-B042-B8ECA2AFB4CE}.Debug|x86.Build.0 = Debug|Win32
		{0E504929-9951-411F-B042-B8ECA2AFB4CE}.Release|x64.ActiveCfg = Release|x64
		{0E504929-9951-411F-B042-B8ECA2AFB4CE}.Release|x64.Build.0 = Release|x64
		{0E504929-9951-411F-B042-B8ECA2AFB4CE}.Release|x86.ActiveCfg = Release|Win32
		{0E504929-9951-411F-B042-B8ECA2AFB4CE}.Release|x86.Build.0 = Release|Win32
	EndGlobalSection
	GlobalSection(SolutionProperties) = preSolution
		HideSolutionNode = FALSE
	EndGlobalSection
	GlobalSection(ExtensibilityGlobals) = postSolution
		SolutionGuid = {99312FF9-129E-4D4C-ACE6-113B4CBBE54D}
	EndGlobalSection
EndGlobal
